
Microsoft Visual Studio Solution File, Format Version 12.00
# Visual Studio Version 17
VisualStudioVersion = 17.0.31903.59
MinimumVisualStudioVersion = 10.0.40219.1
Project("{FAE04EC0-301F-11D3-BF4B-00C04F79EFBC}") = "Task_19", "Task_19\Task_19.csproj", "{12DD2171-A71E-4B9A-AD1E-69CA74F60D27}"
EndProject
Global
	GlobalSection(SolutionConfigurationPlatforms) = preSolution
		Debug|Any CPU = Debug|Any CPU
		Release|Any CPU = Release|Any CPU
	EndGlobalSection
	GlobalSection(ProjectConfigurationPlatforms) = postSolution
		{12DD2171-A71E-4B9A-AD1E-69CA74F60D27}.Debug|Any CPU.ActiveCfg = Debug|Any CPU
		{12DD2171-A71E-4B9A-AD1E-69CA74F60D27}.Debug|Any CPU.Build.0 = Debug|Any CPU
		{12DD2171-A71E-4B9A-AD1E-69CA74F60D27}.Release|Any CPU.ActiveCfg = Release|Any CPU
		{12DD2171-A71E-4B9A-AD1E-69CA74F60D27}.Release|Any CPU.Build.0 = Release|Any CPU
	EndGlobalSection
	GlobalSection(SolutionProperties) = preSolution
		HideSolutionNode = FALSE
	EndGlobalSection
	GlobalSection(ExtensibilityGlobals) = postSolution
		SolutionGuid = {A89417E4-B30D-4538-87C8-0A6A0C118F4D}
	EndGlobalSection
EndGlobal
